// !$*UTF8*$!
{
	archiveVersion = 1;
	classes = {
	};
	objectVersion = 46;
	objects = {

/* Begin PBXBuildFile section */
		38852C471BFA9A2000424BB8 /* AppDelegate.swift in Sources */ = {isa = PBXBuildFile; fileRef = 38852C461BFA9A2000424BB8 /* AppDelegate.swift */; };
		38852C491BFA9A2000424BB8 /* ViewController.swift in Sources */ = {isa = PBXBuildFile; fileRef = 38852C481BFA9A2000424BB8 /* ViewController.swift */; };
		38852C4C1BFA9A2000424BB8 /* Main.storyboard in Resources */ = {isa = PBXBuildFile; fileRef = 38852C4A1BFA9A2000424BB8 /* Main.storyboard */; };
		38852C4E1BFA9A2000424BB8 /* Assets.xcassets in Resources */ = {isa = PBXBuildFile; fileRef = 38852C4D1BFA9A2000424BB8 /* Assets.xcassets */; };
		38852C511BFA9A2000424BB8 /* LaunchScreen.storyboard in Resources */ = {isa = PBXBuildFile; fileRef = 38852C4F1BFA9A2000424BB8 /* LaunchScreen.storyboard */; };
		38852C5C1BFA9A2000424BB8 /* pruebaSwiftProjectTests.swift in Sources */ = {isa = PBXBuildFile; fileRef = 38852C5B1BFA9A2000424BB8 /* pruebaSwiftProjectTests.swift */; };
		38852C671BFA9A2000424BB8 /* pruebaSwiftProjectUITests.swift in Sources */ = {isa = PBXBuildFile; fileRef = 38852C661BFA9A2000424BB8 /* pruebaSwiftProjectUITests.swift */; };
/* End PBXBuildFile section */

/* Begin PBXContainerItemProxy section */
		38852C581BFA9A2000424BB8 /* PBXContainerItemProxy */ = {
			isa = PBXContainerItemProxy;
			containerPortal = 38852C3B1BFA9A2000424BB8 /* Project object */;
			proxyType = 1;
			remoteGlobalIDString = 38852C421BFA9A2000424BB8;
			remoteInfo = pruebaSwiftProject;
		};
		38852C631BFA9A2000424BB8 /* PBXContainerItemProxy */ = {
			isa = PBXContainerItemProxy;
			containerPortal = 38852C3B1BFA9A2000424BB8 /* Project object */;
			proxyType = 1;
			remoteGlobalIDString = 38852C421BFA9A2000424BB8;
			remoteInfo = pruebaSwiftProject;
		};
/* End PBXContainerItemProxy section */

/* Begin PBXFileReference section */
		38852C431BFA9A2000424BB8 /* pruebaSwiftProject.app */ = {isa = PBXFileReference; explicitFileType = wrapper.application; includeInIndex = 0; path = pruebaSwiftProject.app; sourceTree = BUILT_PRODUCTS_DIR; };
		38852C461BFA9A2000424BB8 /* AppDelegate.swift */ = {isa = PBXFileReference; lastKnownFileType = sourcecode.swift; path = AppDelegate.swift; sourceTree = "<group>"; };
		38852C481BFA9A2000424BB8 /* ViewController.swift */ = {isa = PBXFileReference; lastKnownFileType = sourcecode.swift; path = ViewController.swift; sourceTree = "<group>"; };
		38852C4B1BFA9A2000424BB8 /* Base */ = {isa = PBXFileReference; lastKnownFileType = file.storyboard; name = Base; path = Base.lproj/Main.storyboard; sourceTree = "<group>"; };
		38852C4D1BFA9A2000424BB8 /* Assets.xcassets */ = {isa = PBXFileReference; lastKnownFileType = folder.assetcatalog; path = Assets.xcassets; sourceTree = "<group>"; };
		38852C501BFA9A2000424BB8 /* Base */ = {isa = PBXFileReference; lastKnownFileType = file.storyboard; name = Base; path = Base.lproj/LaunchScreen.storyboard; sourceTree = "<group>"; };
		38852C521BFA9A2000424BB8 /* Info.plist */ = {isa = PBXFileReference; lastKnownFileType = text.plist.xml; path = Info.plist; sourceTree = "<group>"; };
		38852C571BFA9A2000424BB8 /* pruebaSwiftProjectTests.xctest */ = {isa = PBXFileReference; explicitFileType = wrapper.cfbundle; includeInIndex = 0; path = pruebaSwiftProjectTests.xctest; sourceTree = BUILT_PRODUCTS_DIR; };
		38852C5B1BFA9A2000424BB8 /* pruebaSwiftProjectTests.swift */ = {isa = PBXFileReference; lastKnownFileType = sourcecode.swift; path = pruebaSwiftProjectTests.swift; sourceTree = "<group>"; };
		38852C5D1BFA9A2000424BB8 /* Info.plist */ = {isa = PBXFileReference; lastKnownFileType = text.plist.xml; path = Info.plist; sourceTree = "<group>"; };
		38852C621BFA9A2000424BB8 /* pruebaSwiftProjectUITests.xctest */ = {isa = PBXFileReference; explicitFileType = wrapper.cfbundle; includeInIndex = 0; path = pruebaSwiftProjectUITests.xctest; sourceTree = BUILT_PRODUCTS_DIR; };
		38852C661BFA9A2000424BB8 /* pruebaSwiftProjectUITests.swift */ = {isa = PBXFileReference; lastKnownFileType = sourcecode.swift; path = pruebaSwiftProjectUITests.swift; sourceTree = "<group>"; };
		38852C681BFA9A2000424BB8 /* Info.plist */ = {isa = PBXFileReference; lastKnownFileType = text.plist.xml; path = Info.plist; sourceTree = "<group>"; };
/* End PBXFileReference section */

/* Begin PBXFrameworksBuildPhase section */
		38852C401BFA9A2000424BB8 /* Frameworks */ = {
			isa = PBXFrameworksBuildPhase;
			buildActionMask = 2147483647;
			files = (
			);
			runOnlyForDeploymentPostprocessing = 0;
		};
		38852C541BFA9A2000424BB8 /* Frameworks */ = {
			isa = PBXFrameworksBuildPhase;
			buildActionMask = 2147483647;
			files = (
			);
			runOnlyForDeploymentPostprocessing = 0;
		};
		38852C5F1BFA9A2000424BB8 /* Frameworks */ = {
			isa = PBXFrameworksBuildPhase;
			buildActionMask = 2147483647;
			files = (
			);
			runOnlyForDeploymentPostprocessing = 0;
		};
/* End PBXFrameworksBuildPhase section */

/* Begin PBXGroup section */
		38852C3A1BFA9A2000424BB8 = {
			isa = PBXGroup;
			children = (
				38852C451BFA9A2000424BB8 /* pruebaSwiftProject */,
				38852C5A1BFA9A2000424BB8 /* pruebaSwiftProjectTests */,
				38852C651BFA9A2000424BB8 /* pruebaSwiftProjectUITests */,
				38852C441BFA9A2000424BB8 /* Products */,
			);
			sourceTree = "<group>";
		};
		38852C441BFA9A2000424BB8 /* Products */ = {
			isa = PBXGroup;
			children = (
				38852C431BFA9A2000424BB8 /* pruebaSwiftProject.app */,
				38852C571BFA9A2000424BB8 /* pruebaSwiftProjectTests.xctest */,
				38852C621BFA9A2000424BB8 /* pruebaSwiftProjectUITests.xctest */,
			);
			name = Products;
			sourceTree = "<group>";
		};
		38852C451BFA9A2000424BB8 /* pruebaSwiftProject */ = {
			isa = PBXGroup;
			children = (
				38852C461BFA9A2000424BB8 /* AppDelegate.swift */,
				38852C481BFA9A2000424BB8 /* ViewController.swift */,
				38852C4A1BFA9A2000424BB8 /* Main.storyboard */,
				38852C4D1BFA9A2000424BB8 /* Assets.xcassets */,
				38852C4F1BFA9A2000424BB8 /* LaunchScreen.storyboard */,
				38852C521BFA9A2000424BB8 /* Info.plist */,
			);
			path = pruebaSwiftProject;
			sourceTree = "<group>";
		};
		38852C5A1BFA9A2000424BB8 /* pruebaSwiftProjectTests */ = {
			isa = PBXGroup;
			children = (
				38852C5B1BFA9A2000424BB8 /* pruebaSwiftProjectTests.swift */,
				38852C5D1BFA9A2000424BB8 /* Info.plist */,
			);
			path = pruebaSwiftProjectTests;
			sourceTree = "<group>";
		};
		38852C651BFA9A2000424BB8 /* pruebaSwiftProjectUITests */ = {
			isa = PBXGroup;
			children = (
				38852C661BFA9A2000424BB8 /* pruebaSwiftProjectUITests.swift */,
				38852C681BFA9A2000424BB8 /* Info.plist */,
			);
			path = pruebaSwiftProjectUITests;
			sourceTree = "<group>";
		};
/* End PBXGroup section */

/* Begin PBXNativeTarget section */
		38852C421BFA9A2000424BB8 /* pruebaSwiftProject */ = {
			isa = PBXNativeTarget;
			buildConfigurationList = 38852C6B1BFA9A2000424BB8 /* Build configuration list for PBXNativeTarget "pruebaSwiftProject" */;
			buildPhases = (
				38852C3F1BFA9A2000424BB8 /* Sources */,
				38852C401BFA9A2000424BB8 /* Frameworks */,
				38852C411BFA9A2000424BB8 /* Resources */,
			);
			buildRules = (
			);
			dependencies = (
			);
			name = pruebaSwiftProject;
			productName = pruebaSwiftProject;
			productReference = 38852C431BFA9A2000424BB8 /* pruebaSwiftProject.app */;
			productType = "com.apple.product-type.application";
		};
		38852C561BFA9A2000424BB8 /* pruebaSwiftProjectTests */ = {
			isa = PBXNativeTarget;
			buildConfigurationList = 38852C6E1BFA9A2000424BB8 /* Build configuration list for PBXNativeTarget "pruebaSwiftProjectTests" */;
			buildPhases = (
				38852C531BFA9A2000424BB8 /* Sources */,
				38852C541BFA9A2000424BB8 /* Frameworks */,
				38852C551BFA9A2000424BB8 /* Resources */,
			);
			buildRules = (
			);
			dependencies = (
				38852C591BFA9A2000424BB8 /* PBXTargetDependency */,
			);
			name = pruebaSwiftProjectTests;
			productName = pruebaSwiftProjectTests;
			productReference = 38852C571BFA9A2000424BB8 /* pruebaSwiftProjectTests.xctest */;
			productType = "com.apple.product-type.bundle.unit-test";
		};
		38852C611BFA9A2000424BB8 /* pruebaSwiftProjectUITests */ = {
			isa = PBXNativeTarget;
			buildConfigurationList = 38852C711BFA9A2000424BB8 /* Build configuration list for PBXNativeTarget "pruebaSwiftProjectUITests" */;
			buildPhases = (
				38852C5E1BFA9A2000424BB8 /* Sources */,
				38852C5F1BFA9A2000424BB8 /* Frameworks */,
				38852C601BFA9A2000424BB8 /* Resources */,
			);
			buildRules = (
			);
			dependencies = (
				38852C641BFA9A2000424BB8 /* PBXTargetDependency */,
			);
			name = pruebaSwiftProjectUITests;
			productName = pruebaSwiftProjectUITests;
			productReference = 38852C621BFA9A2000424BB8 /* pruebaSwiftProjectUITests.xctest */;
			productType = "com.apple.product-type.bundle.ui-testing";
		};
/* End PBXNativeTarget section */

/* Begin PBXProject section */
		38852C3B1BFA9A2000424BB8 /* Project object */ = {
			isa = PBXProject;
			attributes = {
				LastSwiftUpdateCheck = 0710;
				LastUpgradeCheck = 0710;
				ORGANIZATIONNAME = Liliana;
				TargetAttributes = {
					38852C421BFA9A2000424BB8 = {
						CreatedOnToolsVersion = 7.1.1;
					};
					38852C561BFA9A2000424BB8 = {
						CreatedOnToolsVersion = 7.1.1;
						TestTargetID = 38852C421BFA9A2000424BB8;
					};
					38852C611BFA9A2000424BB8 = {
						CreatedOnToolsVersion = 7.1.1;
						TestTargetID = 38852C421BFA9A2000424BB8;
					};
				};
			};
			buildConfigurationList = 38852C3E1BFA9A2000424BB8 /* Build configuration list for PBXProject "pruebaSwiftProject" */;
			compatibilityVersion = "Xcode 3.2";
			developmentRegion = English;
			hasScannedForEncodings = 0;
			knownRegions = (
				en,
				Base,
			);
			mainGroup = 38852C3A1BFA9A2000424BB8;
			productRefGroup = 38852C441BFA9A2000424BB8 /* Products */;
			projectDirPath = "";
			projectRoot = "";
			targets = (
				38852C421BFA9A2000424BB8 /* pruebaSwiftProject */,
				38852C561BFA9A2000424BB8 /* pruebaSwiftProjectTests */,
				38852C611BFA9A2000424BB8 /* pruebaSwiftProjectUITests */,
			);
		};
/* End PBXProject section */

/* Begin PBXResourcesBuildPhase section */
		38852C411BFA9A2000424BB8 /* Resources */ = {
			isa = PBXResourcesBuildPhase;
			buildActionMask = 2147483647;
			files = (
				38852C511BFA9A2000424BB8 /* LaunchScreen.storyboard in Resources */,
				38852C4E1BFA9A2000424BB8 /* Assets.xcassets in Resources */,
				38852C4C1BFA9A2000424BB8 /* Main.storyboard in Resources */,
			);
			runOnlyForDeploymentPostprocessing = 0;
		};
		38852C551BFA9A2000424BB8 /* Resources */ = {
			isa = PBXResourcesBuildPhase;
			buildActionMask = 2147483647;
			files = (
			);
			runOnlyForDeploymentPostprocessing = 0;
		};
		38852C601BFA9A2000424BB8 /* Resources */ = {
			isa = PBXResourcesBuildPhase;
			buildActionMask = 2147483647;
			files = (
			);
			runOnlyForDeploymentPostprocessing = 0;
		};
/* End PBXResourcesBuildPhase section */

/* Begin PBXSourcesBuildPhase section */
		38852C3F1BFA9A2000424BB8 /* Sources */ = {
			isa = PBXSourcesBuildPhase;
			buildActionMask = 2147483647;
			files = (
				38852C491BFA9A2000424BB8 /* ViewController.swift in Sources */,
				38852C471BFA9A2000424BB8 /* AppDelegate.swift in Sources */,
			);
			runOnlyForDeploymentPostprocessing = 0;
		};
		38852C531BFA9A2000424BB8 /* Sources */ = {
			isa = PBXSourcesBuildPhase;
			buildActionMask = 2147483647;
			files = (
				38852C5C1BFA9A2000424BB8 /* pruebaSwiftProjectTests.swift in Sources */,
			);
			runOnlyForDeploymentPostprocessing = 0;
		};
		38852C5E1BFA9A2000424BB8 /* Sources */ = {
			isa = PBXSourcesBuildPhase;
			buildActionMask = 2147483647;
			files = (
				38852C671BFA9A2000424BB8 /* pruebaSwiftProjectUITests.swift in Sources */,
			);
			runOnlyForDeploymentPostprocessing = 0;
		};
/* End PBXSourcesBuildPhase section */

/* Begin PBXTargetDependency section */
		38852C591BFA9A2000424BB8 /* PBXTargetDependency */ = {
			isa = PBXTargetDependency;
			target = 38852C421BFA9A2000424BB8 /* pruebaSwiftProject */;
			targetProxy = 38852C581BFA9A2000424BB8 /* PBXContainerItemProxy */;
		};
		38852C641BFA9A2000424BB8 /* PBXTargetDependency */ = {
			isa = PBXTargetDependency;
			target = 38852C421BFA9A2000424BB8 /* pruebaSwiftProject */;
			targetProxy = 38852C631BFA9A2000424BB8 /* PBXContainerItemProxy */;
		};
/* End PBXTargetDependency section */

/* Begin PBXVariantGroup section */
		38852C4A1BFA9A2000424BB8 /* Main.storyboard */ = {
			isa = PBXVariantGroup;
			children = (
				38852C4B1BFA9A2000424BB8 /* Base */,
			);
			name = Main.storyboard;
			sourceTree = "<group>";
		};
		38852C4F1BFA9A2000424BB8 /* LaunchScreen.storyboard */ = {
			isa = PBXVariantGroup;
			children = (
				38852C501BFA9A2000424BB8 /* Base */,
			);
			name = LaunchScreen.storyboard;
			sourceTree = "<group>";
		};
/* End PBXVariantGroup section */

/* Begin XCBuildConfiguration section */
		38852C691BFA9A2000424BB8 /* Debug */ = {
			isa = XCBuildConfiguration;
			buildSettings = {
				ALWAYS_SEARCH_USER_PATHS = NO;
				CLANG_CXX_LANGUAGE_STANDARD = "gnu++0x";
				CLANG_CXX_LIBRARY = "libc++";
				CLANG_ENABLE_MODULES = YES;
				CLANG_ENABLE_OBJC_ARC = YES;
				CLANG_WARN_BOOL_CONVERSION = YES;
				CLANG_WARN_CONSTANT_CONVERSION = YES;
				CLANG_WARN_DIRECT_OBJC_ISA_USAGE = YES_ERROR;
				CLANG_WARN_EMPTY_BODY = YES;
				CLANG_WARN_ENUM_CONVERSION = YES;
				CLANG_WARN_INT_CONVERSION = YES;
				CLANG_WARN_OBJC_ROOT_CLASS = YES_ERROR;
				CLANG_WARN_UNREACHABLE_CODE = YES;
				CLANG_WARN__DUPLICATE_METHOD_MATCH = YES;
				"CODE_SIGN_IDENTITY[sdk=iphoneos*]" = "iPhone Developer";
				COPY_PHASE_STRIP = NO;
				DEBUG_INFORMATION_FORMAT = dwarf;
				ENABLE_STRICT_OBJC_MSGSEND = YES;
				ENABLE_TESTABILITY = YES;
				GCC_C_LANGUAGE_STANDARD = gnu99;
				GCC_DYNAMIC_NO_PIC = NO;
				GCC_NO_COMMON_BLOCKS = YES;
				GCC_OPTIMIZATION_LEVEL = 0;
				GCC_PREPROCESSOR_DEFINITIONS = (
					"DEBUG=1",
					"$(inherited)",
				);
				GCC_WARN_64_TO_32_BIT_CONVERSION = YES;
				GCC_WARN_ABOUT_RETURN_TYPE = YES_ERROR;
				GCC_WARN_UNDECLARED_SELECTOR = YES;
				GCC_WARN_UNINITIALIZED_AUTOS = YES_AGGRESSIVE;
				GCC_WARN_UNUSED_FUNCTION = YES;
				GCC_WARN_UNUSED_VARIABLE = YES;
				IPHONEOS_DEPLOYMENT_TARGET = 9.1;
				MTL_ENABLE_DEBUG_INFO = YES;
				ONLY_ACTIVE_ARCH = YES;
				SDKROOT = iphoneos;
				SWIFT_OPTIMIZATION_LEVEL = "-Onone";
				TARGETED_DEVICE_FAMILY = "1,2";
			};
			name = Debug;
		};
		38852C6A1BFA9A2000424BB8 /* Release */ = {
			isa = XCBuildConfiguration;
			buildSettings = {
				ALWAYS_SEARCH_USER_PATHS = NO;
				CLANG_CXX_LANGUAGE_STANDARD = "gnu++0x";
				CLANG_CXX_LIBRARY = "libc++";
				CLANG_ENABLE_MODULES = YES;
				CLANG_ENABLE_OBJC_ARC = YES;
				CLANG_WARN_BOOL_CONVERSION = YES;
				CLANG_WARN_CONSTANT_CONVERSION = YES;
				CLANG_WARN_DIRECT_OBJC_ISA_USAGE = YES_ERROR;
				CLANG_WARN_EMPTY_BODY = YES;
				CLANG_WARN_ENUM_CONVERSION = YES;
				CLANG_WARN_INT_CONVERSION = YES;
				CLANG_WARN_OBJC_ROOT_CLASS = YES_ERROR;
				CLANG_WARN_UNREACHABLE_CODE = YES;
				CLANG_WARN__DUPLICATE_METHOD_MATCH = YES;
				"CODE_SIGN_IDENTITY[sdk=iphoneos*]" = "iPhone Developer";
				COPY_PHASE_STRIP = NO;
				DEBUG_INFORMATION_FORMAT = "dwarf-with-dsym";
				ENABLE_NS_ASSERTIONS = NO;
				ENABLE_STRICT_OBJC_MSGSEND = YES;
				GCC_C_LANGUAGE_STANDARD = gnu99;
				GCC_NO_COMMON_BLOCKS = YES;
				GCC_WARN_64_TO_32_BIT_CONVERSION = YES;
				GCC_WARN_ABOUT_RETURN_TYPE = YES_ERROR;
				GCC_WARN_UNDECLARED_SELECTOR = YES;
				GCC_WARN_UNINITIALIZED_AUTOS = YES_AGGRESSIVE;
				GCC_WARN_UNUSED_FUNCTION = YES;
				GCC_WARN_UNUSED_VARIABLE = YES;
				IPHONEOS_DEPLOYMENT_TARGET = 9.1;
				MTL_ENABLE_DEBUG_INFO = NO;
				SDKROOT = iphoneos;
				TARGETED_DEVICE_FAMILY = "1,2";
				VALIDATE_PRODUCT = YES;
			};
			name = Release;
		};
		38852C6C1BFA9A2000424BB8 /* Debug */ = {
			isa = XCBuildConfiguration;
			buildSettings = {
				ASSETCATALOG_COMPILER_APPICON_NAME = AppIcon;
				INFOPLIST_FILE = pruebaSwiftProject/Info.plist;
				LD_RUNPATH_SEARCH_PATHS = "$(inherited) @executable_path/Frameworks";
				PRODUCT_BUNDLE_IDENTIFIER = lmom.pruebaSwiftProject;
				PRODUCT_NAME = "$(TARGET_NAME)";
			};
			name = Debug;
		};
		38852C6D1BFA9A2000424BB8 /* Release */ = {
			isa = XCBuildConfiguration;
			buildSettings = {
				ASSETCATALOG_COMPILER_APPICON_NAME = AppIcon;
				INFOPLIST_FILE = pruebaSwiftProject/Info.plist;
				LD_RUNPATH_SEARCH_PATHS = "$(inherited) @executable_path/Frameworks";
				PRODUCT_BUNDLE_IDENTIFIER = lmom.pruebaSwiftProject;
				PRODUCT_NAME = "$(TARGET_NAME)";
			};
			name = Release;
		};
		38852C6F1BFA9A2000424BB8 /* Debug */ = {
			isa = XCBuildConfiguration;
			buildSettings = {
				BUNDLE_LOADER = "$(TEST_HOST)";
				INFOPLIST_FILE = pruebaSwiftProjectTests/Info.plist;
				LD_RUNPATH_SEARCH_PATHS = "$(inherited) @executable_path/Frameworks @loader_path/Frameworks";
				PRODUCT_BUNDLE_IDENTIFIER = lmom.pruebaSwiftProjectTests;
				PRODUCT_NAME = "$(TARGET_NAME)";
				TEST_HOST = "$(BUILT_PRODUCTS_DIR)/pruebaSwiftProject.app/pruebaSwiftProject";
			};
			name = Debug;
		};
		38852C701BFA9A2000424BB8 /* Release */ = {
			isa = XCBuildConfiguration;
			buildSettings = {
				BUNDLE_LOADER = "$(TEST_HOST)";
				INFOPLIST_FILE = pruebaSwiftProjectTests/Info.plist;
				LD_RUNPATH_SEARCH_PATHS = "$(inherited) @executable_path/Frameworks @loader_path/Frameworks";
				PRODUCT_BUNDLE_IDENTIFIER = lmom.pruebaSwiftProjectTests;
				PRODUCT_NAME = "$(TARGET_NAME)";
				TEST_HOST = "$(BUILT_PRODUCTS_DIR)/pruebaSwiftProject.app/pruebaSwiftProject";
			};
			name = Release;
		};
		38852C721BFA9A2000424BB8 /* Debug */ = {
			isa = XCBuildConfiguration;
			buildSettings = {
				INFOPLIST_FILE = pruebaSwiftProjectUITests/Info.plist;
				LD_RUNPATH_SEARCH_PATHS = "$(inherited) @executable_path/Frameworks @loader_path/Frameworks";
				PRODUCT_BUNDLE_IDENTIFIER = lmom.pruebaSwiftProjectUITests;
				PRODUCT_NAME = "$(TARGET_NAME)";
				TEST_TARGET_NAME = pruebaSwiftProject;
				USES_XCTRUNNER = YES;
			};
			name = Debug;
		};
		38852C731BFA9A2000424BB8 /* Release */ = {
			isa = XCBuildConfiguration;
			buildSettings = {
				INFOPLIST_FILE = pruebaSwiftProjectUITests/Info.plist;
				LD_RUNPATH_SEARCH_PATHS = "$(inherited) @executable_path/Frameworks @loader_path/Frameworks";
				PRODUCT_BUNDLE_IDENTIFIER = lmom.pruebaSwiftProjectUITests;
				PRODUCT_NAME = "$(TARGET_NAME)";
				TEST_TARGET_NAME = pruebaSwiftProject;
				USES_XCTRUNNER = YES;
			};
			name = Release;
		};
/* End XCBuildConfiguration section */

/* Begin XCConfigurationList section */
		38852C3E1BFA9A2000424BB8 /* Build configuration list for PBXProject "pruebaSwiftProject" */ = {
			isa = XCConfigurationList;
			buildConfigurations = (
				38852C691BFA9A2000424BB8 /* Debug */,
				38852C6A1BFA9A2000424BB8 /* Release */,
			);
			defaultConfigurationIsVisible = 0;
			defaultConfigurationName = Release;
		};
		38852C6B1BFA9A2000424BB8 /* Build configuration list for PBXNativeTarget "pruebaSwiftProject" */ = {
			isa = XCConfigurationList;
			buildConfigurations = (
				38852C6C1BFA9A2000424BB8 /* Debug */,
				38852C6D1BFA9A2000424BB8 /* Release */,
			);
			defaultConfigurationIsVisible = 0;
		};
		38852C6E1BFA9A2000424BB8 /* Build configuration list for PBXNativeTarget "pruebaSwiftProjectTests" */ = {
			isa = XCConfigurationList;
			buildConfigurations = (
				38852C6F1BFA9A2000424BB8 /* Debug */,
				38852C701BFA9A2000424BB8 /* Release */,
			);
			defaultConfigurationIsVisible = 0;
		};
		38852C711BFA9A2000424BB8 /* Build configuration list for PBXNativeTarget "pruebaSwiftProjectUITests" */ = {
			isa = XCConfigurationList;
			buildConfigurations = (
				38852C721BFA9A2000424BB8 /* Debug */,
				38852C731BFA9A2000424BB8 /* Release */,
			);
			defaultConfigurationIsVisible = 0;
		};
/* End XCConfigurationList section */
	};
	rootObject = 38852C3B1BFA9A2000424BB8 /* Project object */;
}
